// !$*UTF8*$!
{
	archiveVersion = 1;
	classes = {
	};
	objectVersion = 51;
	objects = {

/* Begin PBXBuildFile section */
		34712A7E24921355002F9462 /* AppDelegate.m in Sources */ = {isa = PBXBuildFile; fileRef = 34712A7D24921355002F9462 /* AppDelegate.m */; };
		34712A8124921355002F9462 /* SceneDelegate.m in Sources */ = {isa = PBXBuildFile; fileRef = 34712A8024921355002F9462 /* SceneDelegate.m */; };
		34712A8424921355002F9462 /* ViewController.m in Sources */ = {isa = PBXBuildFile; fileRef = 34712A8324921355002F9462 /* ViewController.m */; };
		34712A8724921355002F9462 /* Main.storyboard in Resources */ = {isa = PBXBuildFile; fileRef = 34712A8524921355002F9462 /* Main.storyboard */; };
		34712A8924921356002F9462 /* Assets.xcassets in Resources */ = {isa = PBXBuildFile; fileRef = 34712A8824921356002F9462 /* Assets.xcassets */; };
		34712A8C24921356002F9462 /* LaunchScreen.storyboard in Resources */ = {isa = PBXBuildFile; fileRef = 34712A8A24921356002F9462 /* LaunchScreen.storyboard */; };
		34712A8F24921356002F9462 /* main.m in Sources */ = {isa = PBXBuildFile; fileRef = 34712A8E24921356002F9462 /* main.m */; };
		34712A9924921357002F9462 /* TestForDoKitTests.m in Sources */ = {isa = PBXBuildFile; fileRef = 34712A9824921357002F9462 /* TestForDoKitTests.m */; };
		34712AA424921357002F9462 /* TestForDoKitUITests.m in Sources */ = {isa = PBXBuildFile; fileRef = 34712AA324921357002F9462 /* TestForDoKitUITests.m */; };
		34712ABA24922F74002F9462 /* Student.m in Sources */ = {isa = PBXBuildFile; fileRef = 34712AB924922F74002F9462 /* Student.m */; };
		890A705E4AC67A66146C453A /* Pods_TestForDoKit.framework in Frameworks */ = {isa = PBXBuildFile; fileRef = 2C3901C22DADA20FCA34811F /* Pods_TestForDoKit.framework */; };
		D0F0C297C690C1EFE9E24FC5 /* Pods_TestForDoKit_TestForDoKitUITests.framework in Frameworks */ = {isa = PBXBuildFile; fileRef = 2B00783B2AD05470F1F9C9CC /* Pods_TestForDoKit_TestForDoKitUITests.framework */; };
		D759654FBC7BCA5228682011 /* Pods_TestForDoKit_TestForDoKitTests.framework in Frameworks */ = {isa = PBXBuildFile; fileRef = AEF85822F2E9FCE1CC11F111 /* Pods_TestForDoKit_TestForDoKitTests.framework */; };
/* End PBXBuildFile section */

/* Begin PBXContainerItemProxy section */
		34712A9524921357002F9462 /* PBXContainerItemProxy */ = {
			isa = PBXContainerItemProxy;
			containerPortal = 34712A7124921354002F9462 /* Project object */;
			proxyType = 1;
			remoteGlobalIDString = 34712A7824921355002F9462;
			remoteInfo = TestForDoKit;
		};
		34712AA024921357002F9462 /* PBXContainerItemProxy */ = {
			isa = PBXContainerItemProxy;
			containerPortal = 34712A7124921354002F9462 /* Project object */;
			proxyType = 1;
			remoteGlobalIDString = 34712A7824921355002F9462;
			remoteInfo = TestForDoKit;
		};
/* End PBXContainerItemProxy section */

/* Begin PBXFileReference section */
		2B00783B2AD05470F1F9C9CC /* Pods_TestForDoKit_TestForDoKitUITests.framework */ = {isa = PBXFileReference; explicitFileType = wrapper.framework; includeInIndex = 0; path = Pods_TestForDoKit_TestForDoKitUITests.framework; sourceTree = BUILT_PRODUCTS_DIR; };
		2C3901C22DADA20FCA34811F /* Pods_TestForDoKit.framework */ = {isa = PBXFileReference; explicitFileType = wrapper.framework; includeInIndex = 0; path = Pods_TestForDoKit.framework; sourceTree = BUILT_PRODUCTS_DIR; };
		2CA93227281D3F50360BE7E8 /* Pods-TestForDoKit-TestForDoKitTests.release.xcconfig */ = {isa = PBXFileReference; includeInIndex = 1; lastKnownFileType = text.xcconfig; name = "Pods-TestForDoKit-TestForDoKitTests.release.xcconfig"; path = "Target Support Files/Pods-TestForDoKit-TestForDoKitTests/Pods-TestForDoKit-TestForDoKitTests.release.xcconfig"; sourceTree = "<group>"; };
		34712A7924921355002F9462 /* TestForDoKit.app */ = {isa = PBXFileReference; explicitFileType = wrapper.application; includeInIndex = 0; path = TestForDoKit.app; sourceTree = BUILT_PRODUCTS_DIR; };
		34712A7C24921355002F9462 /* AppDelegate.h */ = {isa = PBXFileReference; lastKnownFileType = sourcecode.c.h; path = AppDelegate.h; sourceTree = "<group>"; };
		34712A7D24921355002F9462 /* AppDelegate.m */ = {isa = PBXFileReference; lastKnownFileType = sourcecode.c.objc; path = AppDelegate.m; sourceTree = "<group>"; };
		34712A7F24921355002F9462 /* SceneDelegate.h */ = {isa = PBXFileReference; lastKnownFileType = sourcecode.c.h; path = SceneDelegate.h; sourceTree = "<group>"; };
		34712A8024921355002F9462 /* SceneDelegate.m */ = {isa = PBXFileReference; lastKnownFileType = sourcecode.c.objc; path = SceneDelegate.m; sourceTree = "<group>"; };
		34712A8224921355002F9462 /* ViewController.h */ = {isa = PBXFileReference; lastKnownFileType = sourcecode.c.h; path = ViewController.h; sourceTree = "<group>"; };
		34712A8324921355002F9462 /* ViewController.m */ = {isa = PBXFileReference; lastKnownFileType = sourcecode.c.objc; path = ViewController.m; sourceTree = "<group>"; };
		34712A8624921355002F9462 /* Base */ = {isa = PBXFileReference; lastKnownFileType = file.storyboard; name = Base; path = Base.lproj/Main.storyboard; sourceTree = "<group>"; };
		34712A8824921356002F9462 /* Assets.xcassets */ = {isa = PBXFileReference; lastKnownFileType = folder.assetcatalog; path = Assets.xcassets; sourceTree = "<group>"; };
		34712A8B24921356002F9462 /* Base */ = {isa = PBXFileReference; lastKnownFileType = file.storyboard; name = Base; path = Base.lproj/LaunchScreen.storyboard; sourceTree = "<group>"; };
		34712A8D24921356002F9462 /* Info.plist */ = {isa = PBXFileReference; lastKnownFileType = text.plist.xml; path = Info.plist; sourceTree = "<group>"; };
		34712A8E24921356002F9462 /* main.m */ = {isa = PBXFileReference; lastKnownFileType = sourcecode.c.objc; path = main.m; sourceTree = "<group>"; };
		34712A9424921357002F9462 /* TestForDoKitTests.xctest */ = {isa = PBXFileReference; explicitFileType = wrapper.cfbundle; includeInIndex = 0; path = TestForDoKitTests.xctest; sourceTree = BUILT_PRODUCTS_DIR; };
		34712A9824921357002F9462 /* TestForDoKitTests.m */ = {isa = PBXFileReference; lastKnownFileType = sourcecode.c.objc; path = TestForDoKitTests.m; sourceTree = "<group>"; };
		34712A9A24921357002F9462 /* Info.plist */ = {isa = PBXFileReference; lastKnownFileType = text.plist.xml; path = Info.plist; sourceTree = "<group>"; };
		34712A9F24921357002F9462 /* TestForDoKitUITests.xctest */ = {isa = PBXFileReference; explicitFileType = wrapper.cfbundle; includeInIndex = 0; path = TestForDoKitUITests.xctest; sourceTree = BUILT_PRODUCTS_DIR; };
		34712AA324921357002F9462 /* TestForDoKitUITests.m */ = {isa = PBXFileReference; lastKnownFileType = sourcecode.c.objc; path = TestForDoKitUITests.m; sourceTree = "<group>"; };
		34712AA524921357002F9462 /* Info.plist */ = {isa = PBXFileReference; lastKnownFileType = text.plist.xml; path = Info.plist; sourceTree = "<group>"; };
		34712AB824922F74002F9462 /* Student.h */ = {isa = PBXFileReference; lastKnownFileType = sourcecode.c.h; path = Student.h; sourceTree = "<group>"; };
		34712AB924922F74002F9462 /* Student.m */ = {isa = PBXFileReference; lastKnownFileType = sourcecode.c.objc; path = Student.m; sourceTree = "<group>"; };
		4D4794B1F32C1FECCF4D44C2 /* Pods-TestForDoKit.debug.xcconfig */ = {isa = PBXFileReference; includeInIndex = 1; lastKnownFileType = text.xcconfig; name = "Pods-TestForDoKit.debug.xcconfig"; path = "Target Support Files/Pods-TestForDoKit/Pods-TestForDoKit.debug.xcconfig"; sourceTree = "<group>"; };
		4DD0079B6DD4D5AC92F9518A /* Pods-TestForDoKit.release.xcconfig */ = {isa = PBXFileReference; includeInIndex = 1; lastKnownFileType = text.xcconfig; name = "Pods-TestForDoKit.release.xcconfig"; path = "Target Support Files/Pods-TestForDoKit/Pods-TestForDoKit.release.xcconfig"; sourceTree = "<group>"; };
		6CA1AC0768B5BF167921D219 /* Pods-TestForDoKit-TestForDoKitTests.debug.xcconfig */ = {isa = PBXFileReference; includeInIndex = 1; lastKnownFileType = text.xcconfig; name = "Pods-TestForDoKit-TestForDoKitTests.debug.xcconfig"; path = "Target Support Files/Pods-TestForDoKit-TestForDoKitTests/Pods-TestForDoKit-TestForDoKitTests.debug.xcconfig"; sourceTree = "<group>"; };
		71F030686CAB249BDD8F5A14 /* Pods-TestForDoKit-TestForDoKitUITests.release.xcconfig */ = {isa = PBXFileReference; includeInIndex = 1; lastKnownFileType = text.xcconfig; name = "Pods-TestForDoKit-TestForDoKitUITests.release.xcconfig"; path = "Target Support Files/Pods-TestForDoKit-TestForDoKitUITests/Pods-TestForDoKit-TestForDoKitUITests.release.xcconfig"; sourceTree = "<group>"; };
		7C364823625A0EF592557A65 /* Pods-TestForDoKit-TestForDoKitUITests.debug.xcconfig */ = {isa = PBXFileReference; includeInIndex = 1; lastKnownFileType = text.xcconfig; name = "Pods-TestForDoKit-TestForDoKitUITests.debug.xcconfig"; path = "Target Support Files/Pods-TestForDoKit-TestForDoKitUITests/Pods-TestForDoKit-TestForDoKitUITests.debug.xcconfig"; sourceTree = "<group>"; };
		AEF85822F2E9FCE1CC11F111 /* Pods_TestForDoKit_TestForDoKitTests.framework */ = {isa = PBXFileReference; explicitFileType = wrapper.framework; includeInIndex = 0; path = Pods_TestForDoKit_TestForDoKitTests.framework; sourceTree = BUILT_PRODUCTS_DIR; };
/* End PBXFileReference section */

/* Begin PBXFrameworksBuildPhase section */
		34712A7624921355002F9462 /* Frameworks */ = {
			isa = PBXFrameworksBuildPhase;
			buildActionMask = 2147483647;
			files = (
				890A705E4AC67A66146C453A /* Pods_TestForDoKit.framework in Frameworks */,
			);
			runOnlyForDeploymentPostprocessing = 0;
		};
		34712A9124921357002F9462 /* Frameworks */ = {
			isa = PBXFrameworksBuildPhase;
			buildActionMask = 2147483647;
			files = (
				D759654FBC7BCA5228682011 /* Pods_TestForDoKit_TestForDoKitTests.framework in Frameworks */,
			);
			runOnlyForDeploymentPostprocessing = 0;
		};
		34712A9C24921357002F9462 /* Frameworks */ = {
			isa = PBXFrameworksBuildPhase;
			buildActionMask = 2147483647;
			files = (
				D0F0C297C690C1EFE9E24FC5 /* Pods_TestForDoKit_TestForDoKitUITests.framework in Frameworks */,
			);
			runOnlyForDeploymentPostprocessing = 0;
		};
/* End PBXFrameworksBuildPhase section */

/* Begin PBXGroup section */
		03187E186A24B883D9994575 /* Pods */ = {
			isa = PBXGroup;
			children = (
				4D4794B1F32C1FECCF4D44C2 /* Pods-TestForDoKit.debug.xcconfig */,
				4DD0079B6DD4D5AC92F9518A /* Pods-TestForDoKit.release.xcconfig */,
				6CA1AC0768B5BF167921D219 /* Pods-TestForDoKit-TestForDoKitTests.debug.xcconfig */,
				2CA93227281D3F50360BE7E8 /* Pods-TestForDoKit-TestForDoKitTests.release.xcconfig */,
				7C364823625A0EF592557A65 /* Pods-TestForDoKit-TestForDoKitUITests.debug.xcconfig */,
				71F030686CAB249BDD8F5A14 /* Pods-TestForDoKit-TestForDoKitUITests.release.xcconfig */,
			);
			path = Pods;
			sourceTree = "<group>";
		};
		34712A7024921354002F9462 = {
			isa = PBXGroup;
			children = (
				34712A7B24921355002F9462 /* TestForDoKit */,
				34712A9724921357002F9462 /* TestForDoKitTests */,
				34712AA224921357002F9462 /* TestForDoKitUITests */,
				34712A7A24921355002F9462 /* Products */,
				03187E186A24B883D9994575 /* Pods */,
				748DEC4F6119051A73149C31 /* Frameworks */,
			);
			sourceTree = "<group>";
		};
		34712A7A24921355002F9462 /* Products */ = {
			isa = PBXGroup;
			children = (
				34712A7924921355002F9462 /* TestForDoKit.app */,
				34712A9424921357002F9462 /* TestForDoKitTests.xctest */,
				34712A9F24921357002F9462 /* TestForDoKitUITests.xctest */,
			);
			name = Products;
			sourceTree = "<group>";
		};
		34712A7B24921355002F9462 /* TestForDoKit */ = {
			isa = PBXGroup;
			children = (
				34712A7C24921355002F9462 /* AppDelegate.h */,
				34712A7D24921355002F9462 /* AppDelegate.m */,
				34712A7F24921355002F9462 /* SceneDelegate.h */,
				34712A8024921355002F9462 /* SceneDelegate.m */,
				34712A8224921355002F9462 /* ViewController.h */,
				34712A8324921355002F9462 /* ViewController.m */,
				34712A8524921355002F9462 /* Main.storyboard */,
				34712A8824921356002F9462 /* Assets.xcassets */,
				34712A8A24921356002F9462 /* LaunchScreen.storyboard */,
				34712A8D24921356002F9462 /* Info.plist */,
				34712A8E24921356002F9462 /* main.m */,
				34712AB824922F74002F9462 /* Student.h */,
				34712AB924922F74002F9462 /* Student.m */,
			);
			path = TestForDoKit;
			sourceTree = "<group>";
		};
		34712A9724921357002F9462 /* TestForDoKitTests */ = {
			isa = PBXGroup;
			children = (
				34712A9824921357002F9462 /* TestForDoKitTests.m */,
				34712A9A24921357002F9462 /* Info.plist */,
			);
			path = TestForDoKitTests;
			sourceTree = "<group>";
		};
		34712AA224921357002F9462 /* TestForDoKitUITests */ = {
			isa = PBXGroup;
			children = (
				34712AA324921357002F9462 /* TestForDoKitUITests.m */,
				34712AA524921357002F9462 /* Info.plist */,
			);
			path = TestForDoKitUITests;
			sourceTree = "<group>";
		};
		748DEC4F6119051A73149C31 /* Frameworks */ = {
			isa = PBXGroup;
			children = (
				2C3901C22DADA20FCA34811F /* Pods_TestForDoKit.framework */,
				AEF85822F2E9FCE1CC11F111 /* Pods_TestForDoKit_TestForDoKitTests.framework */,
				2B00783B2AD05470F1F9C9CC /* Pods_TestForDoKit_TestForDoKitUITests.framework */,
			);
			name = Frameworks;
			sourceTree = "<group>";
		};
/* End PBXGroup section */

/* Begin PBXNativeTarget section */
		34712A7824921355002F9462 /* TestForDoKit */ = {
			isa = PBXNativeTarget;
			buildConfigurationList = 34712AA824921357002F9462 /* Build configuration list for PBXNativeTarget "TestForDoKit" */;
			buildPhases = (
				4F5ED5733C4E8E79F85DA279 /* [CP] Check Pods Manifest.lock */,
				34712A7524921355002F9462 /* Sources */,
				34712A7624921355002F9462 /* Frameworks */,
				34712A7724921355002F9462 /* Resources */,
				9BFBD723CD4C9DD3A07D0030 /* [CP] Embed Pods Frameworks */,
			);
			buildRules = (
			);
			dependencies = (
			);
			name = TestForDoKit;
			productName = TestForDoKit;
			productReference = 34712A7924921355002F9462 /* TestForDoKit.app */;
			productType = "com.apple.product-type.application";
		};
		34712A9324921357002F9462 /* TestForDoKitTests */ = {
			isa = PBXNativeTarget;
			buildConfigurationList = 34712AAB24921357002F9462 /* Build configuration list for PBXNativeTarget "TestForDoKitTests" */;
			buildPhases = (
				D2219CEFD38F225F9641B295 /* [CP] Check Pods Manifest.lock */,
				34712A9024921357002F9462 /* Sources */,
				34712A9124921357002F9462 /* Frameworks */,
				34712A9224921357002F9462 /* Resources */,
				8D33D1CAB9D6EA5717A2AC2E /* [CP] Embed Pods Frameworks */,
			);
			buildRules = (
			);
			dependencies = (
				34712A9624921357002F9462 /* PBXTargetDependency */,
			);
			name = TestForDoKitTests;
			productName = TestForDoKitTests;
			productReference = 34712A9424921357002F9462 /* TestForDoKitTests.xctest */;
			productType = "com.apple.product-type.bundle.unit-test";
		};
		34712A9E24921357002F9462 /* TestForDoKitUITests */ = {
			isa = PBXNativeTarget;
			buildConfigurationList = 34712AAE24921357002F9462 /* Build configuration list for PBXNativeTarget "TestForDoKitUITests" */;
			buildPhases = (
				B3E8E4BFE1FB13F1F236BAFE /* [CP] Check Pods Manifest.lock */,
				34712A9B24921357002F9462 /* Sources */,
				34712A9C24921357002F9462 /* Frameworks */,
				34712A9D24921357002F9462 /* Resources */,
				FA381EF4C1AFCA1E78853483 /* [CP] Embed Pods Frameworks */,
			);
			buildRules = (
			);
			dependencies = (
				34712AA124921357002F9462 /* PBXTargetDependency */,
			);
			name = TestForDoKitUITests;
			productName = TestForDoKitUITests;
			productReference = 34712A9F24921357002F9462 /* TestForDoKitUITests.xctest */;
			productType = "com.apple.product-type.bundle.ui-testing";
		};
/* End PBXNativeTarget section */

/* Begin PBXProject section */
		34712A7124921354002F9462 /* Project object */ = {
			isa = PBXProject;
			attributes = {
				LastUpgradeCheck = 1150;
				ORGANIZATIONNAME = Shane;
				TargetAttributes = {
					34712A7824921355002F9462 = {
						CreatedOnToolsVersion = 11.5;
					};
					34712A9324921357002F9462 = {
						CreatedOnToolsVersion = 11.5;
						TestTargetID = 34712A7824921355002F9462;
					};
					34712A9E24921357002F9462 = {
						CreatedOnToolsVersion = 11.5;
						TestTargetID = 34712A7824921355002F9462;
					};
				};
			};
			buildConfigurationList = 34712A7424921354002F9462 /* Build configuration list for PBXProject "TestForDoKit" */;
			compatibilityVersion = "Xcode 9.3";
			developmentRegion = en;
			hasScannedForEncodings = 0;
			knownRegions = (
				en,
				Base,
			);
			mainGroup = 34712A7024921354002F9462;
			productRefGroup = 34712A7A24921355002F9462 /* Products */;
			projectDirPath = "";
			projectRoot = "";
			targets = (
				34712A7824921355002F9462 /* TestForDoKit */,
				34712A9324921357002F9462 /* TestForDoKitTests */,
				34712A9E24921357002F9462 /* TestForDoKitUITests */,
			);
		};
/* End PBXProject section */

/* Begin PBXResourcesBuildPhase section */
		34712A7724921355002F9462 /* Resources */ = {
			isa = PBXResourcesBuildPhase;
			buildActionMask = 2147483647;
			files = (
				34712A8C24921356002F9462 /* LaunchScreen.storyboard in Resources */,
				34712A8924921356002F9462 /* Assets.xcassets in Resources */,
				34712A8724921355002F9462 /* Main.storyboard in Resources */,
			);
			runOnlyForDeploymentPostprocessing = 0;
		};
		34712A9224921357002F9462 /* Resources */ = {
			isa = PBXResourcesBuildPhase;
			buildActionMask = 2147483647;
			files = (
			);
			runOnlyForDeploymentPostprocessing = 0;
		};
		34712A9D24921357002F9462 /* Resources */ = {
			isa = PBXResourcesBuildPhase;
			buildActionMask = 2147483647;
			files = (
			);
			runOnlyForDeploymentPostprocessing = 0;
		};
/* End PBXResourcesBuildPhase section */

/* Begin PBXShellScriptBuildPhase section */
		4F5ED5733C4E8E79F85DA279 /* [CP] Check Pods Manifest.lock */ = {
			isa = PBXShellScriptBuildPhase;
			buildActionMask = 2147483647;
			files = (
			);
			inputFileListPaths = (
			);
			inputPaths = (
				"${PODS_PODFILE_DIR_PATH}/Podfile.lock",
				"${PODS_ROOT}/Manifest.lock",
			);
			name = "[CP] Check Pods Manifest.lock";
			outputFileListPaths = (
			);
			outputPaths = (
				"$(DERIVED_FILE_DIR)/Pods-TestForDoKit-checkManifestLockResult.txt",
			);
			runOnlyForDeploymentPostprocessing = 0;
			shellPath = /bin/sh;
			shellScript = "diff \"${PODS_PODFILE_DIR_PATH}/Podfile.lock\" \"${PODS_ROOT}/Manifest.lock\" > /dev/null\nif [ $? != 0 ] ; then\n    # print error to STDERR\n    echo \"error: The sandbox is not in sync with the Podfile.lock. Run 'pod install' or update your CocoaPods installation.\" >&2\n    exit 1\nfi\n# This output is used by Xcode 'outputs' to avoid re-running this script phase.\necho \"SUCCESS\" > \"${SCRIPT_OUTPUT_FILE_0}\"\n";
			showEnvVarsInLog = 0;
		};
		8D33D1CAB9D6EA5717A2AC2E /* [CP] Embed Pods Frameworks */ = {
			isa = PBXShellScriptBuildPhase;
			buildActionMask = 2147483647;
			files = (
			);
			inputFileListPaths = (
				"${PODS_ROOT}/Target Support Files/Pods-TestForDoKit-TestForDoKitTests/Pods-TestForDoKit-TestForDoKitTests-frameworks-${CONFIGURATION}-input-files.xcfilelist",
			);
			name = "[CP] Embed Pods Frameworks";
			outputFileListPaths = (
				"${PODS_ROOT}/Target Support Files/Pods-TestForDoKit-TestForDoKitTests/Pods-TestForDoKit-TestForDoKitTests-frameworks-${CONFIGURATION}-output-files.xcfilelist",
			);
			runOnlyForDeploymentPostprocessing = 0;
			shellPath = /bin/sh;
			shellScript = "\"${PODS_ROOT}/Target Support Files/Pods-TestForDoKit-TestForDoKitTests/Pods-TestForDoKit-TestForDoKitTests-frameworks.sh\"\n";
			showEnvVarsInLog = 0;
		};
		9BFBD723CD4C9DD3A07D0030 /* [CP] Embed Pods Frameworks */ = {
			isa = PBXShellScriptBuildPhase;
			buildActionMask = 2147483647;
			files = (
			);
			inputFileListPaths = (
				"${PODS_ROOT}/Target Support Files/Pods-TestForDoKit/Pods-TestForDoKit-frameworks-${CONFIGURATION}-input-files.xcfilelist",
			);
			name = "[CP] Embed Pods Frameworks";
			outputFileListPaths = (
				"${PODS_ROOT}/Target Support Files/Pods-TestForDoKit/Pods-TestForDoKit-frameworks-${CONFIGURATION}-output-files.xcfilelist",
			);
			runOnlyForDeploymentPostprocessing = 0;
			shellPath = /bin/sh;
			shellScript = "\"${PODS_ROOT}/Target Support Files/Pods-TestForDoKit/Pods-TestForDoKit-frameworks.sh\"\n";
			showEnvVarsInLog = 0;
		};
		B3E8E4BFE1FB13F1F236BAFE /* [CP] Check Pods Manifest.lock */ = {
			isa = PBXShellScriptBuildPhase;
			buildActionMask = 2147483647;
			files = (
			);
			inputFileListPaths = (
			);
			inputPaths = (
				"${PODS_PODFILE_DIR_PATH}/Podfile.lock",
				"${PODS_ROOT}/Manifest.lock",
			);
			name = "[CP] Check Pods Manifest.lock";
			outputFileListPaths = (
			);
			outputPaths = (
				"$(DERIVED_FILE_DIR)/Pods-TestForDoKit-TestForDoKitUITests-checkManifestLockResult.txt",
			);
			runOnlyForDeploymentPostprocessing = 0;
			shellPath = /bin/sh;
			shellScript = "diff \"${PODS_PODFILE_DIR_PATH}/Podfile.lock\" \"${PODS_ROOT}/Manifest.lock\" > /dev/null\nif [ $? != 0 ] ; then\n    # print error to STDERR\n    echo \"error: The sandbox is not in sync with the Podfile.lock. Run 'pod install' or update your CocoaPods installation.\" >&2\n    exit 1\nfi\n# This output is used by Xcode 'outputs' to avoid re-running this script phase.\necho \"SUCCESS\" > \"${SCRIPT_OUTPUT_FILE_0}\"\n";
			showEnvVarsInLog = 0;
		};
		D2219CEFD38F225F9641B295 /* [CP] Check Pods Manifest.lock */ = {
			isa = PBXShellScriptBuildPhase;
			buildActionMask = 2147483647;
			files = (
			);
			inputFileListPaths = (
			);
			inputPaths = (
				"${PODS_PODFILE_DIR_PATH}/Podfile.lock",
				"${PODS_ROOT}/Manifest.lock",
			);
			name = "[CP] Check Pods Manifest.lock";
			outputFileListPaths = (
			);
			outputPaths = (
				"$(DERIVED_FILE_DIR)/Pods-TestForDoKit-TestForDoKitTests-checkManifestLockResult.txt",
			);
			runOnlyForDeploymentPostprocessing = 0;
			shellPath = /bin/sh;
			shellScript = "diff \"${PODS_PODFILE_DIR_PATH}/Podfile.lock\" \"${PODS_ROOT}/Manifest.lock\" > /dev/null\nif [ $? != 0 ] ; then\n    # print error to STDERR\n    echo \"error: The sandbox is not in sync with the Podfile.lock. Run 'pod install' or update your CocoaPods installation.\" >&2\n    exit 1\nfi\n# This output is used by Xcode 'outputs' to avoid re-running this script phase.\necho \"SUCCESS\" > \"${SCRIPT_OUTPUT_FILE_0}\"\n";
			showEnvVarsInLog = 0;
		};
		FA381EF4C1AFCA1E78853483 /* [CP] Embed Pods Frameworks */ = {
			isa = PBXShellScriptBuildPhase;
			buildActionMask = 2147483647;
			files = (
			);
			inputFileListPaths = (
				"${PODS_ROOT}/Target Support Files/Pods-TestForDoKit-TestForDoKitUITests/Pods-TestForDoKit-TestForDoKitUITests-frameworks-${CONFIGURATION}-input-files.xcfilelist",
			);
			name = "[CP] Embed Pods Frameworks";
			outputFileListPaths = (
				"${PODS_ROOT}/Target Support Files/Pods-TestForDoKit-TestForDoKitUITests/Pods-TestForDoKit-TestForDoKitUITests-frameworks-${CONFIGURATION}-output-files.xcfilelist",
			);
			runOnlyForDeploymentPostprocessing = 0;
			shellPath = /bin/sh;
			shellScript = "\"${PODS_ROOT}/Target Support Files/Pods-TestForDoKit-TestForDoKitUITests/Pods-TestForDoKit-TestForDoKitUITests-frameworks.sh\"\n";
			showEnvVarsInLog = 0;
		};
/* End PBXShellScriptBuildPhase section */

/* Begin PBXSourcesBuildPhase section */
		34712A7524921355002F9462 /* Sources */ = {
			isa = PBXSourcesBuildPhase;
			buildActionMask = 2147483647;
			files = (
				34712A8424921355002F9462 /* ViewController.m in Sources */,
				34712A7E24921355002F9462 /* AppDelegate.m in Sources */,
				34712ABA24922F74002F9462 /* Student.m in Sources */,
				34712A8F24921356002F9462 /* main.m in Sources */,
				34712A8124921355002F9462 /* SceneDelegate.m in Sources */,
			);
			runOnlyForDeploymentPostprocessing = 0;
		};
		34712A9024921357002F9462 /* Sources */ = {
			isa = PBXSourcesBuildPhase;
			buildActionMask = 2147483647;
			files = (
				34712A9924921357002F9462 /* TestForDoKitTests.m in Sources */,
			);
			runOnlyForDeploymentPostprocessing = 0;
		};
		34712A9B24921357002F9462 /* Sources */ = {
			isa = PBXSourcesBuildPhase;
			buildActionMask = 2147483647;
			files = (
				34712AA424921357002F9462 /* TestForDoKitUITests.m in Sources */,
			);
			runOnlyForDeploymentPostprocessing = 0;
		};
/* End PBXSourcesBuildPhase section */

/* Begin PBXTargetDependency section */
		34712A9624921357002F9462 /* PBXTargetDependency */ = {
			isa = PBXTargetDependency;
			target = 34712A7824921355002F9462 /* TestForDoKit */;
			targetProxy = 34712A9524921357002F9462 /* PBXContainerItemProxy */;
		};
		34712AA124921357002F9462 /* PBXTargetDependency */ = {
			isa = PBXTargetDependency;
			target = 34712A7824921355002F9462 /* TestForDoKit */;
			targetProxy = 34712AA024921357002F9462 /* PBXContainerItemProxy */;
		};
/* End PBXTargetDependency section */

/* Begin PBXVariantGroup section */
		34712A8524921355002F9462 /* Main.storyboard */ = {
			isa = PBXVariantGroup;
			children = (
				34712A8624921355002F9462 /* Base */,
			);
			name = Main.storyboard;
			sourceTree = "<group>";
		};
		34712A8A24921356002F9462 /* LaunchScreen.storyboard */ = {
			isa = PBXVariantGroup;
			children = (
				34712A8B24921356002F9462 /* Base */,
			);
			name = LaunchScreen.storyboard;
			sourceTree = "<group>";
		};
/* End PBXVariantGroup section */

/* Begin XCBuildConfiguration section */
		34712AA624921357002F9462 /* Debug */ = {
			isa = XCBuildConfiguration;
			buildSettings = {
				ALWAYS_SEARCH_USER_PATHS = NO;
				CLANG_ANALYZER_NONNULL = YES;
				CLANG_ANALYZER_NUMBER_OBJECT_CONVERSION = YES_AGGRESSIVE;
				CLANG_CXX_LANGUAGE_STANDARD = "gnu++14";
				CLANG_CXX_LIBRARY = "libc++";
				CLANG_ENABLE_MODULES = YES;
				CLANG_ENABLE_OBJC_ARC = YES;
				CLANG_ENABLE_OBJC_WEAK = YES;
				CLANG_WARN_BLOCK_CAPTURE_AUTORELEASING = YES;
				CLANG_WARN_BOOL_CONVERSION = YES;
				CLANG_WARN_COMMA = YES;
				CLANG_WARN_CONSTANT_CONVERSION = YES;
				CLANG_WARN_DEPRECATED_OBJC_IMPLEMENTATIONS = YES;
				CLANG_WARN_DIRECT_OBJC_ISA_USAGE = YES_ERROR;
				CLANG_WARN_DOCUMENTATION_COMMENTS = YES;
				CLANG_WARN_EMPTY_BODY = YES;
				CLANG_WARN_ENUM_CONVERSION = YES;
				CLANG_WARN_INFINITE_RECURSION = YES;
				CLANG_WARN_INT_CONVERSION = YES;
				CLANG_WARN_NON_LITERAL_NULL_CONVERSION = YES;
				CLANG_WARN_OBJC_IMPLICIT_RETAIN_SELF = YES;
				CLANG_WARN_OBJC_LITERAL_CONVERSION = YES;
				CLANG_WARN_OBJC_ROOT_CLASS = YES_ERROR;
				CLANG_WARN_RANGE_LOOP_ANALYSIS = YES;
				CLANG_WARN_STRICT_PROTOTYPES = YES;
				CLANG_WARN_SUSPICIOUS_MOVE = YES;
				CLANG_WARN_UNGUARDED_AVAILABILITY = YES_AGGRESSIVE;
				CLANG_WARN_UNREACHABLE_CODE = YES;
				CLANG_WARN__DUPLICATE_METHOD_MATCH = YES;
				COPY_PHASE_STRIP = NO;
				DEBUG_INFORMATION_FORMAT = dwarf;
				ENABLE_STRICT_OBJC_MSGSEND = YES;
				ENABLE_TESTABILITY = YES;
				GCC_C_LANGUAGE_STANDARD = gnu11;
				GCC_DYNAMIC_NO_PIC = NO;
				GCC_NO_COMMON_BLOCKS = YES;
				GCC_OPTIMIZATION_LEVEL = 0;
				GCC_PREPROCESSOR_DEFINITIONS = (
					"DEBUG=1",
					"$(inherited)",
				);
				GCC_WARN_64_TO_32_BIT_CONVERSION = YES;
				GCC_WARN_ABOUT_RETURN_TYPE = YES_ERROR;
				GCC_WARN_UNDECLARED_SELECTOR = YES;
				GCC_WARN_UNINITIALIZED_AUTOS = YES_AGGRESSIVE;
				GCC_WARN_UNUSED_FUNCTION = YES;
				GCC_WARN_UNUSED_VARIABLE = YES;
				IPHONEOS_DEPLOYMENT_TARGET = 13.5;
				MTL_ENABLE_DEBUG_INFO = INCLUDE_SOURCE;
				MTL_FAST_MATH = YES;
				ONLY_ACTIVE_ARCH = YES;
				SDKROOT = iphoneos;
			};
			name = Debug;
		};
		34712AA724921357002F9462 /* Release */ = {
			isa = XCBuildConfiguration;
			buildSettings = {
				ALWAYS_SEARCH_USER_PATHS = NO;
				CLANG_ANALYZER_NONNULL = YES;
				CLANG_ANALYZER_NUMBER_OBJECT_CONVERSION = YES_AGGRESSIVE;
				CLANG_CXX_LANGUAGE_STANDARD = "gnu++14";
				CLANG_CXX_LIBRARY = "libc++";
				CLANG_ENABLE_MODULES = YES;
				CLANG_ENABLE_OBJC_ARC = YES;
				CLANG_ENABLE_OBJC_WEAK = YES;
				CLANG_WARN_BLOCK_CAPTURE_AUTORELEASING = YES;
				CLANG_WARN_BOOL_CONVERSION = YES;
				CLANG_WARN_COMMA = YES;
				CLANG_WARN_CONSTANT_CONVERSION = YES;
				CLANG_WARN_DEPRECATED_OBJC_IMPLEMENTATIONS = YES;
				CLANG_WARN_DIRECT_OBJC_ISA_USAGE = YES_ERROR;
				CLANG_WARN_DOCUMENTATION_COMMENTS = YES;
				CLANG_WARN_EMPTY_BODY = YES;
				CLANG_WARN_ENUM_CONVERSION = YES;
				CLANG_WARN_INFINITE_RECURSION = YES;
				CLANG_WARN_INT_CONVERSION = YES;
				CLANG_WARN_NON_LITERAL_NULL_CONVERSION = YES;
				CLANG_WARN_OBJC_IMPLICIT_RETAIN_SELF = YES;
				CLANG_WARN_OBJC_LITERAL_CONVERSION = YES;
				CLANG_WARN_OBJC_ROOT_CLASS = YES_ERROR;
				CLANG_WARN_RANGE_LOOP_ANALYSIS = YES;
				CLANG_WARN_STRICT_PROTOTYPES = YES;
				CLANG_WARN_SUSPICIOUS_MOVE = YES;
				CLANG_WARN_UNGUARDED_AVAILABILITY = YES_AGGRESSIVE;
				CLANG_WARN_UNREACHABLE_CODE = YES;
				CLANG_WARN__DUPLICATE_METHOD_MATCH = YES;
				COPY_PHASE_STRIP = NO;
				DEBUG_INFORMATION_FORMAT = "dwarf-with-dsym";
				ENABLE_NS_ASSERTIONS = NO;
				ENABLE_STRICT_OBJC_MSGSEND = YES;
				GCC_C_LANGUAGE_STANDARD = gnu11;
				GCC_NO_COMMON_BLOCKS = YES;
				GCC_WARN_64_TO_32_BIT_CONVERSION = YES;
				GCC_WARN_ABOUT_RETURN_TYPE = YES_ERROR;
				GCC_WARN_UNDECLARED_SELECTOR = YES;
				GCC_WARN_UNINITIALIZED_AUTOS = YES_AGGRESSIVE;
				GCC_WARN_UNUSED_FUNCTION = YES;
				GCC_WARN_UNUSED_VARIABLE = YES;
				IPHONEOS_DEPLOYMENT_TARGET = 13.5;
				MTL_ENABLE_DEBUG_INFO = NO;
				MTL_FAST_MATH = YES;
				SDKROOT = iphoneos;
				VALIDATE_PRODUCT = YES;
			};
			name = Release;
		};
		34712AA924921357002F9462 /* Debug */ = {
			isa = XCBuildConfiguration;
			baseConfigurationReference = 4D4794B1F32C1FECCF4D44C2 /* Pods-TestForDoKit.debug.xcconfig */;
			buildSettings = {
				ASSETCATALOG_COMPILER_APPICON_NAME = AppIcon;
				CODE_SIGN_STYLE = Automatic;
				INFOPLIST_FILE = TestForDoKit/Info.plist;
				LD_RUNPATH_SEARCH_PATHS = (
					"$(inherited)",
					"@executable_path/Frameworks",
				);
				PRODUCT_BUNDLE_IDENTIFIER = com.yiketalks.TestForDoKit;
				PRODUCT_NAME = "$(TARGET_NAME)";
				TARGETED_DEVICE_FAMILY = "1,2";
			};
			name = Debug;
		};
		34712AAA24921357002F9462 /* Release */ = {
			isa = XCBuildConfiguration;
			baseConfigurationReference = 4DD0079B6DD4D5AC92F9518A /* Pods-TestForDoKit.release.xcconfig */;
			buildSettings = {
				ASSETCATALOG_COMPILER_APPICON_NAME = AppIcon;
				CODE_SIGN_STYLE = Automatic;
				INFOPLIST_FILE = TestForDoKit/Info.plist;
				LD_RUNPATH_SEARCH_PATHS = (
					"$(inherited)",
					"@executable_path/Frameworks",
				);
				PRODUCT_BUNDLE_IDENTIFIER = com.yiketalks.TestForDoKit;
				PRODUCT_NAME = "$(TARGET_NAME)";
				TARGETED_DEVICE_FAMILY = "1,2";
			};
			name = Release;
		};
		34712AAC24921357002F9462 /* Debug */ = {
			isa = XCBuildConfiguration;
			baseConfigurationReference = 6CA1AC0768B5BF167921D219 /* Pods-TestForDoKit-TestForDoKitTests.debug.xcconfig */;
			buildSettings = {
				BUNDLE_LOADER = "$(TEST_HOST)";
				CODE_SIGN_STYLE = Automatic;
				INFOPLIST_FILE = TestForDoKitTests/Info.plist;
				IPHONEOS_DEPLOYMENT_TARGET = 13.5;
				LD_RUNPATH_SEARCH_PATHS = (
					"$(inherited)",
					"@executable_path/Frameworks",
					"@loader_path/Frameworks",
				);
				PRODUCT_BUNDLE_IDENTIFIER = com.yiketalks.TestForDoKitTests;
				PRODUCT_NAME = "$(TARGET_NAME)";
				TARGETED_DEVICE_FAMILY = "1,2";
				TEST_HOST = "$(BUILT_PRODUCTS_DIR)/TestForDoKit.app/TestForDoKit";
			};
			name = Debug;
		};
		34712AAD24921357002F9462 /* Release */ = {
			isa = XCBuildConfiguration;
			baseConfigurationReference = 2CA93227281D3F50360BE7E8 /* Pods-TestForDoKit-TestForDoKitTests.release.xcconfig */;
			buildSettings = {
				BUNDLE_LOADER = "$(TEST_HOST)";
				CODE_SIGN_STYLE = Automatic;
				INFOPLIST_FILE = TestForDoKitTests/Info.plist;
				IPHONEOS_DEPLOYMENT_TARGET = 13.5;
				LD_RUNPATH_SEARCH_PATHS = (
					"$(inherited)",
					"@executable_path/Frameworks",
					"@loader_path/Frameworks",
				);
				PRODUCT_BUNDLE_IDENTIFIER = com.yiketalks.TestForDoKitTests;
				PRODUCT_NAME = "$(TARGET_NAME)";
				TARGETED_DEVICE_FAMILY = "1,2";
				TEST_HOST = "$(BUILT_PRODUCTS_DIR)/TestForDoKit.app/TestForDoKit";
			};
			name = Release;
		};
		34712AAF24921357002F9462 /* Debug */ = {
			isa = XCBuildConfiguration;
			baseConfigurationReference = 7C364823625A0EF592557A65 /* Pods-TestForDoKit-TestForDoKitUITests.debug.xcconfig */;
			buildSettings = {
				CODE_SIGN_STYLE = Automatic;
				INFOPLIST_FILE = TestForDoKitUITests/Info.plist;
				LD_RUNPATH_SEARCH_PATHS = (
					"$(inherited)",
					"@executable_path/Frameworks",
					"@loader_path/Frameworks",
				);
				PRODUCT_BUNDLE_IDENTIFIER = com.yiketalks.TestForDoKitUITests;
				PRODUCT_NAME = "$(TARGET_NAME)";
				TARGETED_DEVICE_FAMILY = "1,2";
				TEST_TARGET_NAME = TestForDoKit;
			};
			name = Debug;
		};
		34712AB024921357002F9462 /* Release */ = {
			isa = XCBuildConfiguration;
			baseConfigurationReference = 71F030686CAB249BDD8F5A14 /* Pods-TestForDoKit-TestForDoKitUITests.release.xcconfig */;
			buildSettings = {
				CODE_SIGN_STYLE = Automatic;
				INFOPLIST_FILE = TestForDoKitUITests/Info.plist;
				LD_RUNPATH_SEARCH_PATHS = (
					"$(inherited)",
					"@executable_path/Frameworks",
					"@loader_path/Frameworks",
				);
				PRODUCT_BUNDLE_IDENTIFIER = com.yiketalks.TestForDoKitUITests;
				PRODUCT_NAME = "$(TARGET_NAME)";
				TARGETED_DEVICE_FAMILY = "1,2";
				TEST_TARGET_NAME = TestForDoKit;
			};
			name = Release;
		};
/* End XCBuildConfiguration section */

/* Begin XCConfigurationList section */
		34712A7424921354002F9462 /* Build configuration list for PBXProject "TestForDoKit" */ = {
			isa = XCConfigurationList;
			buildConfigurations = (
				34712AA624921357002F9462 /* Debug */,
				34712AA724921357002F9462 /* Release */,
			);
			defaultConfigurationIsVisible = 0;
			defaultConfigurationName = Release;
		};
		34712AA824921357002F9462 /* Build configuration list for PBXNativeTarget "TestForDoKit" */ = {
			isa = XCConfigurationList;
			buildConfigurations = (
				34712AA924921357002F9462 /* Debug */,
				34712AAA24921357002F9462 /* Release */,
			);
			defaultConfigurationIsVisible = 0;
			defaultConfigurationName = Release;
		};
		34712AAB24921357002F9462 /* Build configuration list for PBXNativeTarget "TestForDoKitTests" */ = {
			isa = XCConfigurationList;
			buildConfigurations = (
				34712AAC24921357002F9462 /* Debug */,
				34712AAD24921357002F9462 /* Release */,
			);
			defaultConfigurationIsVisible = 0;
			defaultConfigurationName = Release;
		};
		34712AAE24921357002F9462 /* Build configuration list for PBXNativeTarget "TestForDoKitUITests" */ = {
			isa = XCConfigurationList;
			buildConfigurations = (
				34712AAF24921357002F9462 /* Debug */,
				34712AB024921357002F9462 /* Release */,
			);
			defaultConfigurationIsVisible = 0;
			defaultConfigurationName = Release;
		};
/* End XCConfigurationList section */
	};
	rootObject = 34712A7124921354002F9462 /* Project object */;
}
